
Microsoft Visual Studio Solution File, Format Version 12.00
# Visual Studio Version 16
VisualStudioVersion = 25.0.1705.2
MinimumVisualStudioVersion = 10.0.40219.1
Project("{FAE04EC0-301F-11D3-BF4B-00C04F79EFBC}") = "ApiProduct", "ApiProduct\ApiProduct.csproj", "{7171A4F5-8F27-4D68-B27C-8587AF2B64D5}"
EndProject
Global
	GlobalSection(SolutionConfigurationPlatforms) = preSolution
		Debug|Any CPU = Debug|Any CPU
		Release|Any CPU = Release|Any CPU
	EndGlobalSection
	GlobalSection(ProjectConfigurationPlatforms) = postSolution
		{7171A4F5-8F27-4D68-B27C-8587AF2B64D5}.Debug|Any CPU.ActiveCfg = Debug|Any CPU
		{7171A4F5-8F27-4D68-B27C-8587AF2B64D5}.Debug|Any CPU.Build.0 = Debug|Any CPU
		{7171A4F5-8F27-4D68-B27C-8587AF2B64D5}.Release|Any CPU.ActiveCfg = Release|Any CPU
		{7171A4F5-8F27-4D68-B27C-8587AF2B64D5}.Release|Any CPU.Build.0 = Release|Any CPU
	EndGlobalSection
	GlobalSection(SolutionProperties) = preSolution
		HideSolutionNode = FALSE
	EndGlobalSection
	GlobalSection(ExtensibilityGlobals) = postSolution
		SolutionGuid = {0151597E-A8B8-4796-8137-B365B774D51E}
	EndGlobalSection
EndGlobal
